// !$*UTF8*$!
{
	archiveVersion = 1;
	classes = {
	};
	objectVersion = 50;
	objects = {

/* Begin PBXBuildFile section */
		440FC7981003C69B17672E8A /* Pods_ConnusUITests.framework in Frameworks */ = {isa = PBXBuildFile; fileRef = 662142423EB08EAC406B372B /* Pods_ConnusUITests.framework */; };
		67A54DDD004FF01E7189C3D5 /* Pods_Connus.framework in Frameworks */ = {isa = PBXBuildFile; fileRef = 782383A976B895F9146C4737 /* Pods_Connus.framework */; };
		731B473022EB82B40067C39C /* CompanyCardView.xib in Resources */ = {isa = PBXBuildFile; fileRef = 731B472F22EB82B40067C39C /* CompanyCardView.xib */; };
		731B473722EB87770067C39C /* Coco-Gothic-Italic-trial.ttf in Resources */ = {isa = PBXBuildFile; fileRef = 731B473122EB87710067C39C /* Coco-Gothic-Italic-trial.ttf */; };
		731B473822EB87770067C39C /* Coco-Gothic-Bold-Italic-trial.ttf in Resources */ = {isa = PBXBuildFile; fileRef = 731B473222EB87720067C39C /* Coco-Gothic-Bold-Italic-trial.ttf */; };
		731B473922EB87770067C39C /* Coco-Gothic-Bold-trial.ttf in Resources */ = {isa = PBXBuildFile; fileRef = 731B473322EB87730067C39C /* Coco-Gothic-Bold-trial.ttf */; };
		731B473A22EB87770067C39C /* Coco-Gothic-Light-trial.ttf in Resources */ = {isa = PBXBuildFile; fileRef = 731B473422EB87750067C39C /* Coco-Gothic-Light-trial.ttf */; };
		731B473B22EB87770067C39C /* Coco-Gothic-Light-Italic-trial.ttf in Resources */ = {isa = PBXBuildFile; fileRef = 731B473522EB87760067C39C /* Coco-Gothic-Light-Italic-trial.ttf */; };
		731B473C22EB87770067C39C /* Coco-Gothic-Regular-trial.ttf in Resources */ = {isa = PBXBuildFile; fileRef = 731B473622EB87770067C39C /* Coco-Gothic-Regular-trial.ttf */; };
		731B473F22EB97B70067C39C /* LikeOverlayView.swift in Sources */ = {isa = PBXBuildFile; fileRef = 731B473E22EB97B70067C39C /* LikeOverlayView.swift */; };
		731B474122EB97EA0067C39C /* LikeOverlayView.xib in Resources */ = {isa = PBXBuildFile; fileRef = 731B474022EB97EA0067C39C /* LikeOverlayView.xib */; };
		7365454522F755F1008A9BC6 /* WelcomeViewController.swift in Sources */ = {isa = PBXBuildFile; fileRef = 7365454422F755F1008A9BC6 /* WelcomeViewController.swift */; };
		7369CE3822FF193E00AB379E /* ProfileNameAndImageView.swift in Sources */ = {isa = PBXBuildFile; fileRef = 7369CE3722FF193E00AB379E /* ProfileNameAndImageView.swift */; };
		7369CE3A22FF195400AB379E /* SecondSectionView.swift in Sources */ = {isa = PBXBuildFile; fileRef = 7369CE3922FF195400AB379E /* SecondSectionView.swift */; };
		7369CE3C22FF196100AB379E /* ThirdSectionView.swift in Sources */ = {isa = PBXBuildFile; fileRef = 7369CE3B22FF196100AB379E /* ThirdSectionView.swift */; };
		7369CE3E22FF197900AB379E /* ProfileNameAndImageView.xib in Resources */ = {isa = PBXBuildFile; fileRef = 7369CE3D22FF197900AB379E /* ProfileNameAndImageView.xib */; };
		7369CE4022FF198B00AB379E /* SecondSectionView.xib in Resources */ = {isa = PBXBuildFile; fileRef = 7369CE3F22FF198B00AB379E /* SecondSectionView.xib */; };
		7369CE4222FF199700AB379E /* ThirdSectionView.xib in Resources */ = {isa = PBXBuildFile; fileRef = 7369CE4122FF199700AB379E /* ThirdSectionView.xib */; };
		736DF4C323049109001E66B7 /* FirstRegisterInfluencerViewController.swift in Sources */ = {isa = PBXBuildFile; fileRef = 736DF4C223049109001E66B7 /* FirstRegisterInfluencerViewController.swift */; };
		736DF4C52305523E001E66B7 /* ComingSoonViewController.swift in Sources */ = {isa = PBXBuildFile; fileRef = 736DF4C42305523E001E66B7 /* ComingSoonViewController.swift */; };
		7384A7562279E5E20020CAF6 /* Extensions.swift in Sources */ = {isa = PBXBuildFile; fileRef = 7384A7552279E5E20020CAF6 /* Extensions.swift */; };
		7384A758227A297D0020CAF6 /* SecondRegisterInfluencerViewController.swift in Sources */ = {isa = PBXBuildFile; fileRef = 7384A757227A297D0020CAF6 /* SecondRegisterInfluencerViewController.swift */; };
		7384A759227A297D0020CAF6 /* SecondRegisterInfluencerViewController.swift in Sources */ = {isa = PBXBuildFile; fileRef = 7384A757227A297D0020CAF6 /* SecondRegisterInfluencerViewController.swift */; };
		7384A75A227A297D0020CAF6 /* SecondRegisterInfluencerViewController.swift in Sources */ = {isa = PBXBuildFile; fileRef = 7384A757227A297D0020CAF6 /* SecondRegisterInfluencerViewController.swift */; };
		7384A75C227A310C0020CAF6 /* RadioButton.swift in Sources */ = {isa = PBXBuildFile; fileRef = 7384A75B227A310C0020CAF6 /* RadioButton.swift */; };
		7384A75D227A310C0020CAF6 /* RadioButton.swift in Sources */ = {isa = PBXBuildFile; fileRef = 7384A75B227A310C0020CAF6 /* RadioButton.swift */; };
		7384A75E227A310C0020CAF6 /* RadioButton.swift in Sources */ = {isa = PBXBuildFile; fileRef = 7384A75B227A310C0020CAF6 /* RadioButton.swift */; };
		7387E30822F03E2300C2D3B1 /* PasswordForgottenViewController.swift in Sources */ = {isa = PBXBuildFile; fileRef = 7387E30722F03E2300C2D3B1 /* PasswordForgottenViewController.swift */; };
		73974C7C22EF66F70035FDCB /* LogInViewController.swift in Sources */ = {isa = PBXBuildFile; fileRef = 73974C7B22EF66F70035FDCB /* LogInViewController.swift */; };
		73974C7E22EF6E0B0035FDCB /* CreateAccountViewController.swift in Sources */ = {isa = PBXBuildFile; fileRef = 73974C7D22EF6E0B0035FDCB /* CreateAccountViewController.swift */; };
		73974C7F22EF6E0B0035FDCB /* CreateAccountViewController.swift in Sources */ = {isa = PBXBuildFile; fileRef = 73974C7D22EF6E0B0035FDCB /* CreateAccountViewController.swift */; };
		73974C8022EF6E0B0035FDCB /* CreateAccountViewController.swift in Sources */ = {isa = PBXBuildFile; fileRef = 73974C7D22EF6E0B0035FDCB /* CreateAccountViewController.swift */; };
		73974C8222EF70CB0035FDCB /* ChoiceViewController.swift in Sources */ = {isa = PBXBuildFile; fileRef = 73974C8122EF70CB0035FDCB /* ChoiceViewController.swift */; };
		73974C8322EF70CB0035FDCB /* ChoiceViewController.swift in Sources */ = {isa = PBXBuildFile; fileRef = 73974C8122EF70CB0035FDCB /* ChoiceViewController.swift */; };
		73974C8422EF70CB0035FDCB /* ChoiceViewController.swift in Sources */ = {isa = PBXBuildFile; fileRef = 73974C8122EF70CB0035FDCB /* ChoiceViewController.swift */; };
		73974CC322EF7EAC0035FDCB /* RegisterInfViewController.swift in Sources */ = {isa = PBXBuildFile; fileRef = 73974CC222EF7EAC0035FDCB /* RegisterInfViewController.swift */; };
		73974CC422EF7EAC0035FDCB /* RegisterInfViewController.swift in Sources */ = {isa = PBXBuildFile; fileRef = 73974CC222EF7EAC0035FDCB /* RegisterInfViewController.swift */; };
		73974CC522EF7EAC0035FDCB /* RegisterInfViewController.swift in Sources */ = {isa = PBXBuildFile; fileRef = 73974CC222EF7EAC0035FDCB /* RegisterInfViewController.swift */; };
		739C12B522FD9A29003E8FE4 /* FirstSectionView.swift in Sources */ = {isa = PBXBuildFile; fileRef = 739C12B422FD9A29003E8FE4 /* FirstSectionView.swift */; };
		739C12B922FD9A51003E8FE4 /* FirstSectionView.xib in Resources */ = {isa = PBXBuildFile; fileRef = 739C12B822FD9A51003E8FE4 /* FirstSectionView.xib */; };
		73AEE50322E861BE008CA7EF /* Constants.swift in Sources */ = {isa = PBXBuildFile; fileRef = 73AEE50222E861BE008CA7EF /* Constants.swift */; };
		73B513BD22FAE8BD005F94F0 /* GoogleService-Info.plist in Resources */ = {isa = PBXBuildFile; fileRef = 73B513BC22FAE8BD005F94F0 /* GoogleService-Info.plist */; };
		73C1A9C722EF281A00972785 /* RegisterBrandViewController.swift in Sources */ = {isa = PBXBuildFile; fileRef = 73C1A9C622EF281A00972785 /* RegisterBrandViewController.swift */; };
		73C1A9CD22EF380200972785 /* SwipeViewController.swift in Sources */ = {isa = PBXBuildFile; fileRef = 73F4678D227381010017B7E9 /* SwipeViewController.swift */; };
		73C1A9CE22EF380200972785 /* SwipeViewController.swift in Sources */ = {isa = PBXBuildFile; fileRef = 73F4678D227381010017B7E9 /* SwipeViewController.swift */; };
		73CEACC422DDF9F3004A891A /* ProfileInfluencerViewController.swift in Sources */ = {isa = PBXBuildFile; fileRef = 73CEACC322DDF9F3004A891A /* ProfileInfluencerViewController.swift */; };
		73CEACC522DDF9F3004A891A /* ProfileInfluencerViewController.swift in Sources */ = {isa = PBXBuildFile; fileRef = 73CEACC322DDF9F3004A891A /* ProfileInfluencerViewController.swift */; };
		73CEACC622DDF9F3004A891A /* ProfileInfluencerViewController.swift in Sources */ = {isa = PBXBuildFile; fileRef = 73CEACC322DDF9F3004A891A /* ProfileInfluencerViewController.swift */; };
		73CEACC822DF4DA5004A891A /* Assets.xcassets in Resources */ = {isa = PBXBuildFile; fileRef = 73CEACC722DF4DA5004A891A /* Assets.xcassets */; };
		73CEACC922DF4DA5004A891A /* Assets.xcassets in Resources */ = {isa = PBXBuildFile; fileRef = 73CEACC722DF4DA5004A891A /* Assets.xcassets */; };
		73CEACCA22DF4DA5004A891A /* Assets.xcassets in Resources */ = {isa = PBXBuildFile; fileRef = 73CEACC722DF4DA5004A891A /* Assets.xcassets */; };
		73EC813322EB43530023D174 /* CompanyCardView.swift in Sources */ = {isa = PBXBuildFile; fileRef = 73EC813222EB43530023D174 /* CompanyCardView.swift */; };
		73F4678C227381010017B7E9 /* AppDelegate.swift in Sources */ = {isa = PBXBuildFile; fileRef = 73F4678B227381010017B7E9 /* AppDelegate.swift */; };
		73F4678E227381010017B7E9 /* SwipeViewController.swift in Sources */ = {isa = PBXBuildFile; fileRef = 73F4678D227381010017B7E9 /* SwipeViewController.swift */; };
		73F46793227381010017B7E9 /* Main.storyboard in Resources */ = {isa = PBXBuildFile; fileRef = 73F46791227381010017B7E9 /* Main.storyboard */; };
		73F46798227381030017B7E9 /* LaunchScreen.storyboard in Resources */ = {isa = PBXBuildFile; fileRef = 73F46796227381030017B7E9 /* LaunchScreen.storyboard */; };
		73F467A3227381030017B7E9 /* ConnusTests.swift in Sources */ = {isa = PBXBuildFile; fileRef = 73F467A2227381030017B7E9 /* ConnusTests.swift */; };
		73F467AE227381030017B7E9 /* ConnusUITests.swift in Sources */ = {isa = PBXBuildFile; fileRef = 73F467AD227381030017B7E9 /* ConnusUITests.swift */; };
		73F467C42273890D0017B7E9 /* EntryViewController.swift in Sources */ = {isa = PBXBuildFile; fileRef = 73F467C32273890D0017B7E9 /* EntryViewController.swift */; };
		73F467C72275A6060017B7E9 /* RegisterInfluencerViewController.swift in Sources */ = {isa = PBXBuildFile; fileRef = 73F467C62275A6060017B7E9 /* RegisterInfluencerViewController.swift */; };
		73F467C82275A6060017B7E9 /* RegisterInfluencerViewController.swift in Sources */ = {isa = PBXBuildFile; fileRef = 73F467C62275A6060017B7E9 /* RegisterInfluencerViewController.swift */; };
		73F467C92275A6060017B7E9 /* RegisterInfluencerViewController.swift in Sources */ = {isa = PBXBuildFile; fileRef = 73F467C62275A6060017B7E9 /* RegisterInfluencerViewController.swift */; };
		73F467D22276186F0017B7E9 /* Checkbox.swift in Sources */ = {isa = PBXBuildFile; fileRef = 73F467D12276186F0017B7E9 /* Checkbox.swift */; };
		73F467D32276186F0017B7E9 /* Checkbox.swift in Sources */ = {isa = PBXBuildFile; fileRef = 73F467D12276186F0017B7E9 /* Checkbox.swift */; };
		73F467D42276186F0017B7E9 /* Checkbox.swift in Sources */ = {isa = PBXBuildFile; fileRef = 73F467D12276186F0017B7E9 /* Checkbox.swift */; };
		9A064DFB9CED683AFE325810 /* Pods_ConnusTests.framework in Frameworks */ = {isa = PBXBuildFile; fileRef = 5E5EF40CB872385C44D154A0 /* Pods_ConnusTests.framework */; };
/* End PBXBuildFile section */

/* Begin PBXContainerItemProxy section */
		73F4679F227381030017B7E9 /* PBXContainerItemProxy */ = {
			isa = PBXContainerItemProxy;
			containerPortal = 73F46780227381010017B7E9 /* Project object */;
			proxyType = 1;
			remoteGlobalIDString = 73F46787227381010017B7E9;
			remoteInfo = Connus;
		};
		73F467AA227381030017B7E9 /* PBXContainerItemProxy */ = {
			isa = PBXContainerItemProxy;
			containerPortal = 73F46780227381010017B7E9 /* Project object */;
			proxyType = 1;
			remoteGlobalIDString = 73F46787227381010017B7E9;
			remoteInfo = Connus;
		};
/* End PBXContainerItemProxy section */

/* Begin PBXFileReference section */
		260C12B1590F21CE57D0BE3D /* Pods-ConnusUITests.debug.xcconfig */ = {isa = PBXFileReference; includeInIndex = 1; lastKnownFileType = text.xcconfig; name = "Pods-ConnusUITests.debug.xcconfig"; path = "Pods/Target Support Files/Pods-ConnusUITests/Pods-ConnusUITests.debug.xcconfig"; sourceTree = "<group>"; };
		34DAB7EC6BD08FC200682033 /* Pods-Connus.release.xcconfig */ = {isa = PBXFileReference; includeInIndex = 1; lastKnownFileType = text.xcconfig; name = "Pods-Connus.release.xcconfig"; path = "Pods/Target Support Files/Pods-Connus/Pods-Connus.release.xcconfig"; sourceTree = "<group>"; };
		5E5EF40CB872385C44D154A0 /* Pods_ConnusTests.framework */ = {isa = PBXFileReference; explicitFileType = wrapper.framework; includeInIndex = 0; path = Pods_ConnusTests.framework; sourceTree = BUILT_PRODUCTS_DIR; };
		662142423EB08EAC406B372B /* Pods_ConnusUITests.framework */ = {isa = PBXFileReference; explicitFileType = wrapper.framework; includeInIndex = 0; path = Pods_ConnusUITests.framework; sourceTree = BUILT_PRODUCTS_DIR; };
		6C279B2033A913EEFC5A380C /* Pods-ConnusTests.release.xcconfig */ = {isa = PBXFileReference; includeInIndex = 1; lastKnownFileType = text.xcconfig; name = "Pods-ConnusTests.release.xcconfig"; path = "Pods/Target Support Files/Pods-ConnusTests/Pods-ConnusTests.release.xcconfig"; sourceTree = "<group>"; };
		731B472F22EB82B40067C39C /* CompanyCardView.xib */ = {isa = PBXFileReference; lastKnownFileType = file.xib; path = CompanyCardView.xib; sourceTree = "<group>"; };
		731B473122EB87710067C39C /* Coco-Gothic-Italic-trial.ttf */ = {isa = PBXFileReference; lastKnownFileType = file; path = "Coco-Gothic-Italic-trial.ttf"; sourceTree = "<group>"; };
		731B473222EB87720067C39C /* Coco-Gothic-Bold-Italic-trial.ttf */ = {isa = PBXFileReference; lastKnownFileType = file; path = "Coco-Gothic-Bold-Italic-trial.ttf"; sourceTree = "<group>"; };
		731B473322EB87730067C39C /* Coco-Gothic-Bold-trial.ttf */ = {isa = PBXFileReference; lastKnownFileType = file; path = "Coco-Gothic-Bold-trial.ttf"; sourceTree = "<group>"; };
		731B473422EB87750067C39C /* Coco-Gothic-Light-trial.ttf */ = {isa = PBXFileReference; lastKnownFileType = file; path = "Coco-Gothic-Light-trial.ttf"; sourceTree = "<group>"; };
		731B473522EB87760067C39C /* Coco-Gothic-Light-Italic-trial.ttf */ = {isa = PBXFileReference; lastKnownFileType = file; path = "Coco-Gothic-Light-Italic-trial.ttf"; sourceTree = "<group>"; };
		731B473622EB87770067C39C /* Coco-Gothic-Regular-trial.ttf */ = {isa = PBXFileReference; lastKnownFileType = file; path = "Coco-Gothic-Regular-trial.ttf"; sourceTree = "<group>"; };
		731B473E22EB97B70067C39C /* LikeOverlayView.swift */ = {isa = PBXFileReference; lastKnownFileType = sourcecode.swift; path = LikeOverlayView.swift; sourceTree = "<group>"; };
		731B474022EB97EA0067C39C /* LikeOverlayView.xib */ = {isa = PBXFileReference; lastKnownFileType = file.xib; path = LikeOverlayView.xib; sourceTree = "<group>"; };
		7365454422F755F1008A9BC6 /* WelcomeViewController.swift */ = {isa = PBXFileReference; lastKnownFileType = sourcecode.swift; path = WelcomeViewController.swift; sourceTree = "<group>"; };
		7369CE3722FF193E00AB379E /* ProfileNameAndImageView.swift */ = {isa = PBXFileReference; lastKnownFileType = sourcecode.swift; path = ProfileNameAndImageView.swift; sourceTree = "<group>"; };
		7369CE3922FF195400AB379E /* SecondSectionView.swift */ = {isa = PBXFileReference; lastKnownFileType = sourcecode.swift; path = SecondSectionView.swift; sourceTree = "<group>"; };
		7369CE3B22FF196100AB379E /* ThirdSectionView.swift */ = {isa = PBXFileReference; lastKnownFileType = sourcecode.swift; path = ThirdSectionView.swift; sourceTree = "<group>"; };
		7369CE3D22FF197900AB379E /* ProfileNameAndImageView.xib */ = {isa = PBXFileReference; lastKnownFileType = file.xib; path = ProfileNameAndImageView.xib; sourceTree = "<group>"; };
		7369CE3F22FF198B00AB379E /* SecondSectionView.xib */ = {isa = PBXFileReference; lastKnownFileType = file.xib; path = SecondSectionView.xib; sourceTree = "<group>"; };
		7369CE4122FF199700AB379E /* ThirdSectionView.xib */ = {isa = PBXFileReference; lastKnownFileType = file.xib; path = ThirdSectionView.xib; sourceTree = "<group>"; };
		736DF4C223049109001E66B7 /* FirstRegisterInfluencerViewController.swift */ = {isa = PBXFileReference; lastKnownFileType = sourcecode.swift; path = FirstRegisterInfluencerViewController.swift; sourceTree = "<group>"; };
		736DF4C42305523E001E66B7 /* ComingSoonViewController.swift */ = {isa = PBXFileReference; lastKnownFileType = sourcecode.swift; path = ComingSoonViewController.swift; sourceTree = "<group>"; };
		7384A7552279E5E20020CAF6 /* Extensions.swift */ = {isa = PBXFileReference; lastKnownFileType = sourcecode.swift; path = Extensions.swift; sourceTree = "<group>"; };
		7384A757227A297D0020CAF6 /* SecondRegisterInfluencerViewController.swift */ = {isa = PBXFileReference; lastKnownFileType = sourcecode.swift; path = SecondRegisterInfluencerViewController.swift; sourceTree = "<group>"; };
		7384A75B227A310C0020CAF6 /* RadioButton.swift */ = {isa = PBXFileReference; lastKnownFileType = sourcecode.swift; path = RadioButton.swift; sourceTree = "<group>"; };
		7387E30722F03E2300C2D3B1 /* PasswordForgottenViewController.swift */ = {isa = PBXFileReference; lastKnownFileType = sourcecode.swift; path = PasswordForgottenViewController.swift; sourceTree = "<group>"; };
		73974C7B22EF66F70035FDCB /* LogInViewController.swift */ = {isa = PBXFileReference; lastKnownFileType = sourcecode.swift; path = LogInViewController.swift; sourceTree = "<group>"; };
		73974C7D22EF6E0B0035FDCB /* CreateAccountViewController.swift */ = {isa = PBXFileReference; lastKnownFileType = sourcecode.swift; path = CreateAccountViewController.swift; sourceTree = "<group>"; };
		73974C8122EF70CB0035FDCB /* ChoiceViewController.swift */ = {isa = PBXFileReference; lastKnownFileType = sourcecode.swift; path = ChoiceViewController.swift; sourceTree = "<group>"; };
		73974CC222EF7EAC0035FDCB /* RegisterInfViewController.swift */ = {isa = PBXFileReference; lastKnownFileType = sourcecode.swift; path = RegisterInfViewController.swift; sourceTree = "<group>"; };
		739C12B422FD9A29003E8FE4 /* FirstSectionView.swift */ = {isa = PBXFileReference; lastKnownFileType = sourcecode.swift; path = FirstSectionView.swift; sourceTree = "<group>"; };
		739C12B822FD9A51003E8FE4 /* FirstSectionView.xib */ = {isa = PBXFileReference; lastKnownFileType = file.xib; path = FirstSectionView.xib; sourceTree = "<group>"; };
		73AEE50222E861BE008CA7EF /* Constants.swift */ = {isa = PBXFileReference; lastKnownFileType = sourcecode.swift; path = Constants.swift; sourceTree = "<group>"; };
		73B513BC22FAE8BD005F94F0 /* GoogleService-Info.plist */ = {isa = PBXFileReference; fileEncoding = 4; lastKnownFileType = text.plist.xml; path = "GoogleService-Info.plist"; sourceTree = "<group>"; };
		73C1A9C622EF281A00972785 /* RegisterBrandViewController.swift */ = {isa = PBXFileReference; lastKnownFileType = sourcecode.swift; path = RegisterBrandViewController.swift; sourceTree = "<group>"; };
		73CEACC322DDF9F3004A891A /* ProfileInfluencerViewController.swift */ = {isa = PBXFileReference; lastKnownFileType = sourcecode.swift; path = ProfileInfluencerViewController.swift; sourceTree = "<group>"; };
		73CEACC722DF4DA5004A891A /* Assets.xcassets */ = {isa = PBXFileReference; lastKnownFileType = folder.assetcatalog; path = Assets.xcassets; sourceTree = "<group>"; };
		73EC813222EB43530023D174 /* CompanyCardView.swift */ = {isa = PBXFileReference; lastKnownFileType = sourcecode.swift; path = CompanyCardView.swift; sourceTree = "<group>"; };
		73F46788227381010017B7E9 /* Connus.app */ = {isa = PBXFileReference; explicitFileType = wrapper.application; includeInIndex = 0; path = Connus.app; sourceTree = BUILT_PRODUCTS_DIR; };
		73F4678B227381010017B7E9 /* AppDelegate.swift */ = {isa = PBXFileReference; lastKnownFileType = sourcecode.swift; path = AppDelegate.swift; sourceTree = "<group>"; };
		73F4678D227381010017B7E9 /* SwipeViewController.swift */ = {isa = PBXFileReference; lastKnownFileType = sourcecode.swift; path = SwipeViewController.swift; sourceTree = "<group>"; };
		73F46792227381010017B7E9 /* Base */ = {isa = PBXFileReference; lastKnownFileType = file.storyboard; name = Base; path = Base.lproj/Main.storyboard; sourceTree = "<group>"; };
		73F46797227381030017B7E9 /* Base */ = {isa = PBXFileReference; lastKnownFileType = file.storyboard; name = Base; path = Base.lproj/LaunchScreen.storyboard; sourceTree = "<group>"; };
		73F46799227381030017B7E9 /* Info.plist */ = {isa = PBXFileReference; lastKnownFileType = text.plist.xml; path = Info.plist; sourceTree = "<group>"; };
		73F4679E227381030017B7E9 /* ConnusTests.xctest */ = {isa = PBXFileReference; explicitFileType = wrapper.cfbundle; includeInIndex = 0; path = ConnusTests.xctest; sourceTree = BUILT_PRODUCTS_DIR; };
		73F467A2227381030017B7E9 /* ConnusTests.swift */ = {isa = PBXFileReference; lastKnownFileType = sourcecode.swift; path = ConnusTests.swift; sourceTree = "<group>"; };
		73F467A4227381030017B7E9 /* Info.plist */ = {isa = PBXFileReference; lastKnownFileType = text.plist.xml; path = Info.plist; sourceTree = "<group>"; };
		73F467A9227381030017B7E9 /* ConnusUITests.xctest */ = {isa = PBXFileReference; explicitFileType = wrapper.cfbundle; includeInIndex = 0; path = ConnusUITests.xctest; sourceTree = BUILT_PRODUCTS_DIR; };
		73F467AD227381030017B7E9 /* ConnusUITests.swift */ = {isa = PBXFileReference; lastKnownFileType = sourcecode.swift; path = ConnusUITests.swift; sourceTree = "<group>"; };
		73F467AF227381030017B7E9 /* Info.plist */ = {isa = PBXFileReference; lastKnownFileType = text.plist.xml; path = Info.plist; sourceTree = "<group>"; };
		73F467C32273890D0017B7E9 /* EntryViewController.swift */ = {isa = PBXFileReference; lastKnownFileType = sourcecode.swift; path = EntryViewController.swift; sourceTree = "<group>"; };
		73F467C62275A6060017B7E9 /* RegisterInfluencerViewController.swift */ = {isa = PBXFileReference; lastKnownFileType = sourcecode.swift; path = RegisterInfluencerViewController.swift; sourceTree = "<group>"; };
		73F467D12276186F0017B7E9 /* Checkbox.swift */ = {isa = PBXFileReference; lastKnownFileType = sourcecode.swift; path = Checkbox.swift; sourceTree = "<group>"; };
		782383A976B895F9146C4737 /* Pods_Connus.framework */ = {isa = PBXFileReference; explicitFileType = wrapper.framework; includeInIndex = 0; path = Pods_Connus.framework; sourceTree = BUILT_PRODUCTS_DIR; };
		80C462067D76A2C6BA132C2A /* Pods-ConnusUITests.release.xcconfig */ = {isa = PBXFileReference; includeInIndex = 1; lastKnownFileType = text.xcconfig; name = "Pods-ConnusUITests.release.xcconfig"; path = "Pods/Target Support Files/Pods-ConnusUITests/Pods-ConnusUITests.release.xcconfig"; sourceTree = "<group>"; };
		90215848B52A9007A4C5840A /* Pods-Connus.debug.xcconfig */ = {isa = PBXFileReference; includeInIndex = 1; lastKnownFileType = text.xcconfig; name = "Pods-Connus.debug.xcconfig"; path = "Pods/Target Support Files/Pods-Connus/Pods-Connus.debug.xcconfig"; sourceTree = "<group>"; };
		CB809B2A23A8EEE7DA4541E9 /* Pods-ConnusTests.debug.xcconfig */ = {isa = PBXFileReference; includeInIndex = 1; lastKnownFileType = text.xcconfig; name = "Pods-ConnusTests.debug.xcconfig"; path = "Pods/Target Support Files/Pods-ConnusTests/Pods-ConnusTests.debug.xcconfig"; sourceTree = "<group>"; };
/* End PBXFileReference section */

/* Begin PBXFrameworksBuildPhase section */
		73F46785227381010017B7E9 /* Frameworks */ = {
			isa = PBXFrameworksBuildPhase;
			buildActionMask = 2147483647;
			files = (
				67A54DDD004FF01E7189C3D5 /* Pods_Connus.framework in Frameworks */,
			);
			runOnlyForDeploymentPostprocessing = 0;
		};
		73F4679B227381030017B7E9 /* Frameworks */ = {
			isa = PBXFrameworksBuildPhase;
			buildActionMask = 2147483647;
			files = (
				9A064DFB9CED683AFE325810 /* Pods_ConnusTests.framework in Frameworks */,
			);
			runOnlyForDeploymentPostprocessing = 0;
		};
		73F467A6227381030017B7E9 /* Frameworks */ = {
			isa = PBXFrameworksBuildPhase;
			buildActionMask = 2147483647;
			files = (
				440FC7981003C69B17672E8A /* Pods_ConnusUITests.framework in Frameworks */,
			);
			runOnlyForDeploymentPostprocessing = 0;
		};
/* End PBXFrameworksBuildPhase section */

/* Begin PBXGroup section */
		059C8474290734D1E20F0477 /* Pods */ = {
			isa = PBXGroup;
			children = (
				90215848B52A9007A4C5840A /* Pods-Connus.debug.xcconfig */,
				34DAB7EC6BD08FC200682033 /* Pods-Connus.release.xcconfig */,
				CB809B2A23A8EEE7DA4541E9 /* Pods-ConnusTests.debug.xcconfig */,
				6C279B2033A913EEFC5A380C /* Pods-ConnusTests.release.xcconfig */,
				260C12B1590F21CE57D0BE3D /* Pods-ConnusUITests.debug.xcconfig */,
				80C462067D76A2C6BA132C2A /* Pods-ConnusUITests.release.xcconfig */,
			);
			name = Pods;
			sourceTree = "<group>";
		};
		31B88F057F30393786716B4B /* Frameworks */ = {
			isa = PBXGroup;
			children = (
				782383A976B895F9146C4737 /* Pods_Connus.framework */,
				5E5EF40CB872385C44D154A0 /* Pods_ConnusTests.framework */,
				662142423EB08EAC406B372B /* Pods_ConnusUITests.framework */,
			);
			name = Frameworks;
			sourceTree = "<group>";
		};
		731B473D22EB877C0067C39C /* Fonts */ = {
			isa = PBXGroup;
			children = (
				731B473222EB87720067C39C /* Coco-Gothic-Bold-Italic-trial.ttf */,
				731B473322EB87730067C39C /* Coco-Gothic-Bold-trial.ttf */,
				731B473122EB87710067C39C /* Coco-Gothic-Italic-trial.ttf */,
				731B473522EB87760067C39C /* Coco-Gothic-Light-Italic-trial.ttf */,
				731B473422EB87750067C39C /* Coco-Gothic-Light-trial.ttf */,
				731B473622EB87770067C39C /* Coco-Gothic-Regular-trial.ttf */,
			);
			path = Fonts;
			sourceTree = "<group>";
		};
		7384A7542279E5C80020CAF6 /* Extensions */ = {
			isa = PBXGroup;
			children = (
				7384A7552279E5E20020CAF6 /* Extensions.swift */,
				73AEE50222E861BE008CA7EF /* Constants.swift */,
			);
			path = Extensions;
			sourceTree = "<group>";
		};
		739C12B322FD99B6003E8FE4 /* Register Influencer Views */ = {
			isa = PBXGroup;
			children = (
				739C12B722FD9A39003E8FE4 /* swift */,
				739C12B622FD9A2E003E8FE4 /* xib */,
			);
			path = "Register Influencer Views";
			sourceTree = "<group>";
		};
		739C12B622FD9A2E003E8FE4 /* xib */ = {
			isa = PBXGroup;
			children = (
				739C12B822FD9A51003E8FE4 /* FirstSectionView.xib */,
				7369CE3D22FF197900AB379E /* ProfileNameAndImageView.xib */,
				7369CE3F22FF198B00AB379E /* SecondSectionView.xib */,
				7369CE4122FF199700AB379E /* ThirdSectionView.xib */,
			);
			path = xib;
			sourceTree = "<group>";
		};
		739C12B722FD9A39003E8FE4 /* swift */ = {
			isa = PBXGroup;
			children = (
				739C12B422FD9A29003E8FE4 /* FirstSectionView.swift */,
				7369CE3722FF193E00AB379E /* ProfileNameAndImageView.swift */,
				7369CE3922FF195400AB379E /* SecondSectionView.swift */,
				7369CE3B22FF196100AB379E /* ThirdSectionView.swift */,
			);
			path = swift;
			sourceTree = "<group>";
		};
		73C1A9C822EF374300972785 /* Register Influencer */ = {
			isa = PBXGroup;
			children = (
				73F467C62275A6060017B7E9 /* RegisterInfluencerViewController.swift */,
				7384A757227A297D0020CAF6 /* SecondRegisterInfluencerViewController.swift */,
				73974CC222EF7EAC0035FDCB /* RegisterInfViewController.swift */,
				736DF4C223049109001E66B7 /* FirstRegisterInfluencerViewController.swift */,
			);
			path = "Register Influencer";
			sourceTree = "<group>";
		};
		73C1A9C922EF377E00972785 /* Register Brand */ = {
			isa = PBXGroup;
			children = (
				73C1A9C622EF281A00972785 /* RegisterBrandViewController.swift */,
			);
			path = "Register Brand";
			sourceTree = "<group>";
		};
		73C1A9CA22EF378D00972785 /* Influencer Flow  */ = {
			isa = PBXGroup;
			children = (
				73F4678D227381010017B7E9 /* SwipeViewController.swift */,
				73CEACC322DDF9F3004A891A /* ProfileInfluencerViewController.swift */,
			);
			path = "Influencer Flow ";
			sourceTree = "<group>";
		};
		73C1A9CB22EF37A200972785 /* Brand Flow */ = {
			isa = PBXGroup;
			children = (
			);
			path = "Brand Flow";
			sourceTree = "<group>";
		};
		73C1A9CC22EF37D700972785 /* General */ = {
			isa = PBXGroup;
			children = (
				73974C7B22EF66F70035FDCB /* LogInViewController.swift */,
				73974C7D22EF6E0B0035FDCB /* CreateAccountViewController.swift */,
				73974C8122EF70CB0035FDCB /* ChoiceViewController.swift */,
				7387E30722F03E2300C2D3B1 /* PasswordForgottenViewController.swift */,
				7365454422F755F1008A9BC6 /* WelcomeViewController.swift */,
				736DF4C42305523E001E66B7 /* ComingSoonViewController.swift */,
			);
			path = General;
			sourceTree = "<group>";
		};
		73F4677F227381010017B7E9 = {
			isa = PBXGroup;
			children = (
				73F4678A227381010017B7E9 /* Connus */,
				73F467A1227381030017B7E9 /* ConnusTests */,
				73F467AC227381030017B7E9 /* ConnusUITests */,
				73F46789227381010017B7E9 /* Products */,
				059C8474290734D1E20F0477 /* Pods */,
				31B88F057F30393786716B4B /* Frameworks */,
			);
			sourceTree = "<group>";
		};
		73F46789227381010017B7E9 /* Products */ = {
			isa = PBXGroup;
			children = (
				73F46788227381010017B7E9 /* Connus.app */,
				73F4679E227381030017B7E9 /* ConnusTests.xctest */,
				73F467A9227381030017B7E9 /* ConnusUITests.xctest */,
			);
			name = Products;
			sourceTree = "<group>";
		};
		73F4678A227381010017B7E9 /* Connus */ = {
			isa = PBXGroup;
			children = (
				731B473D22EB877C0067C39C /* Fonts */,
				7384A7542279E5C80020CAF6 /* Extensions */,
				73F467CA2275D8B80017B7E9 /* Views */,
				73F467CF2276182A0017B7E9 /* UIComponents */,
				73F467C522759F8D0017B7E9 /* ViewControllers */,
				73F4678B227381010017B7E9 /* AppDelegate.swift */,
				73F46791227381010017B7E9 /* Main.storyboard */,
				73CEACC722DF4DA5004A891A /* Assets.xcassets */,
				73F46796227381030017B7E9 /* LaunchScreen.storyboard */,
				73F46799227381030017B7E9 /* Info.plist */,
				73B513BC22FAE8BD005F94F0 /* GoogleService-Info.plist */,
			);
			path = Connus;
			sourceTree = "<group>";
		};
		73F467A1227381030017B7E9 /* ConnusTests */ = {
			isa = PBXGroup;
			children = (
				73F467A2227381030017B7E9 /* ConnusTests.swift */,
				73F467A4227381030017B7E9 /* Info.plist */,
			);
			path = ConnusTests;
			sourceTree = "<group>";
		};
		73F467AC227381030017B7E9 /* ConnusUITests */ = {
			isa = PBXGroup;
			children = (
				73F467AD227381030017B7E9 /* ConnusUITests.swift */,
				73F467AF227381030017B7E9 /* Info.plist */,
			);
			path = ConnusUITests;
			sourceTree = "<group>";
		};
		73F467C522759F8D0017B7E9 /* ViewControllers */ = {
			isa = PBXGroup;
			children = (
				73C1A9CC22EF37D700972785 /* General */,
				73C1A9CB22EF37A200972785 /* Brand Flow */,
				73C1A9CA22EF378D00972785 /* Influencer Flow  */,
				73C1A9C922EF377E00972785 /* Register Brand */,
				73C1A9C822EF374300972785 /* Register Influencer */,
				73F467C32273890D0017B7E9 /* EntryViewController.swift */,
			);
			path = ViewControllers;
			sourceTree = "<group>";
		};
		73F467CA2275D8B80017B7E9 /* Views */ = {
			isa = PBXGroup;
			children = (
				739C12B322FD99B6003E8FE4 /* Register Influencer Views */,
				73EC813222EB43530023D174 /* CompanyCardView.swift */,
				731B472F22EB82B40067C39C /* CompanyCardView.xib */,
				731B473E22EB97B70067C39C /* LikeOverlayView.swift */,
				731B474022EB97EA0067C39C /* LikeOverlayView.xib */,
			);
			path = Views;
			sourceTree = "<group>";
		};
		73F467CF2276182A0017B7E9 /* UIComponents */ = {
			isa = PBXGroup;
			children = (
				73F467D12276186F0017B7E9 /* Checkbox.swift */,
				7384A75B227A310C0020CAF6 /* RadioButton.swift */,
			);
			path = UIComponents;
			sourceTree = "<group>";
		};
/* End PBXGroup section */

/* Begin PBXNativeTarget section */
		73F46787227381010017B7E9 /* Connus */ = {
			isa = PBXNativeTarget;
			buildConfigurationList = 73F467B2227381030017B7E9 /* Build configuration list for PBXNativeTarget "Connus" */;
			buildPhases = (
				437990AB2100E0EF9E91674C /* [CP] Check Pods Manifest.lock */,
				73F46784227381010017B7E9 /* Sources */,
				73F46785227381010017B7E9 /* Frameworks */,
				73F46786227381010017B7E9 /* Resources */,
				BFF42B51C1983367D1C4D618 /* [CP] Embed Pods Frameworks */,
				F069EAFD7949DB8F0323A0CC /* [CP] Copy Pods Resources */,
			);
			buildRules = (
			);
			dependencies = (
			);
			name = Connus;
			productName = Connus;
			productReference = 73F46788227381010017B7E9 /* Connus.app */;
			productType = "com.apple.product-type.application";
		};
		73F4679D227381030017B7E9 /* ConnusTests */ = {
			isa = PBXNativeTarget;
			buildConfigurationList = 73F467B5227381030017B7E9 /* Build configuration list for PBXNativeTarget "ConnusTests" */;
			buildPhases = (
				217ACA75871DC4D882B6CB49 /* [CP] Check Pods Manifest.lock */,
				73F4679A227381030017B7E9 /* Sources */,
				73F4679B227381030017B7E9 /* Frameworks */,
				73F4679C227381030017B7E9 /* Resources */,
			);
			buildRules = (
			);
			dependencies = (
				73F467A0227381030017B7E9 /* PBXTargetDependency */,
			);
			name = ConnusTests;
			productName = ConnusTests;
			productReference = 73F4679E227381030017B7E9 /* ConnusTests.xctest */;
			productType = "com.apple.product-type.bundle.unit-test";
		};
		73F467A8227381030017B7E9 /* ConnusUITests */ = {
			isa = PBXNativeTarget;
			buildConfigurationList = 73F467B8227381030017B7E9 /* Build configuration list for PBXNativeTarget "ConnusUITests" */;
			buildPhases = (
				739C162FA377F7B2DFB206B3 /* [CP] Check Pods Manifest.lock */,
				73F467A5227381030017B7E9 /* Sources */,
				73F467A6227381030017B7E9 /* Frameworks */,
				73F467A7227381030017B7E9 /* Resources */,
			);
			buildRules = (
			);
			dependencies = (
				73F467AB227381030017B7E9 /* PBXTargetDependency */,
			);
			name = ConnusUITests;
			productName = ConnusUITests;
			productReference = 73F467A9227381030017B7E9 /* ConnusUITests.xctest */;
			productType = "com.apple.product-type.bundle.ui-testing";
		};
/* End PBXNativeTarget section */

/* Begin PBXProject section */
		73F46780227381010017B7E9 /* Project object */ = {
			isa = PBXProject;
			attributes = {
				LastSwiftUpdateCheck = 1020;
				LastUpgradeCheck = 1020;
				ORGANIZATIONNAME = Connus;
				TargetAttributes = {
					73F46787227381010017B7E9 = {
						CreatedOnToolsVersion = 10.2.1;
					};
					73F4679D227381030017B7E9 = {
						CreatedOnToolsVersion = 10.2.1;
						TestTargetID = 73F46787227381010017B7E9;
					};
					73F467A8227381030017B7E9 = {
						CreatedOnToolsVersion = 10.2.1;
						TestTargetID = 73F46787227381010017B7E9;
					};
				};
			};
			buildConfigurationList = 73F46783227381010017B7E9 /* Build configuration list for PBXProject "Connus" */;
			compatibilityVersion = "Xcode 9.3";
			developmentRegion = en;
			hasScannedForEncodings = 0;
			knownRegions = (
				en,
				Base,
			);
			mainGroup = 73F4677F227381010017B7E9;
			productRefGroup = 73F46789227381010017B7E9 /* Products */;
			projectDirPath = "";
			projectRoot = "";
			targets = (
				73F46787227381010017B7E9 /* Connus */,
				73F4679D227381030017B7E9 /* ConnusTests */,
				73F467A8227381030017B7E9 /* ConnusUITests */,
			);
		};
/* End PBXProject section */

/* Begin PBXResourcesBuildPhase section */
		73F46786227381010017B7E9 /* Resources */ = {
			isa = PBXResourcesBuildPhase;
			buildActionMask = 2147483647;
			files = (
				7369CE4222FF199700AB379E /* ThirdSectionView.xib in Resources */,
				73B513BD22FAE8BD005F94F0 /* GoogleService-Info.plist in Resources */,
				7369CE3E22FF197900AB379E /* ProfileNameAndImageView.xib in Resources */,
				73F46798227381030017B7E9 /* LaunchScreen.storyboard in Resources */,
				731B473822EB87770067C39C /* Coco-Gothic-Bold-Italic-trial.ttf in Resources */,
				73CEACC822DF4DA5004A891A /* Assets.xcassets in Resources */,
				7369CE4022FF198B00AB379E /* SecondSectionView.xib in Resources */,
				739C12B922FD9A51003E8FE4 /* FirstSectionView.xib in Resources */,
				731B473B22EB87770067C39C /* Coco-Gothic-Light-Italic-trial.ttf in Resources */,
				731B473922EB87770067C39C /* Coco-Gothic-Bold-trial.ttf in Resources */,
				731B474122EB97EA0067C39C /* LikeOverlayView.xib in Resources */,
				731B473A22EB87770067C39C /* Coco-Gothic-Light-trial.ttf in Resources */,
				73F46793227381010017B7E9 /* Main.storyboard in Resources */,
				731B473022EB82B40067C39C /* CompanyCardView.xib in Resources */,
				731B473722EB87770067C39C /* Coco-Gothic-Italic-trial.ttf in Resources */,
				731B473C22EB87770067C39C /* Coco-Gothic-Regular-trial.ttf in Resources */,
			);
			runOnlyForDeploymentPostprocessing = 0;
		};
		73F4679C227381030017B7E9 /* Resources */ = {
			isa = PBXResourcesBuildPhase;
			buildActionMask = 2147483647;
			files = (
				73CEACC922DF4DA5004A891A /* Assets.xcassets in Resources */,
			);
			runOnlyForDeploymentPostprocessing = 0;
		};
		73F467A7227381030017B7E9 /* Resources */ = {
			isa = PBXResourcesBuildPhase;
			buildActionMask = 2147483647;
			files = (
				73CEACCA22DF4DA5004A891A /* Assets.xcassets in Resources */,
			);
			runOnlyForDeploymentPostprocessing = 0;
		};
/* End PBXResourcesBuildPhase section */

/* Begin PBXShellScriptBuildPhase section */
		217ACA75871DC4D882B6CB49 /* [CP] Check Pods Manifest.lock */ = {
			isa = PBXShellScriptBuildPhase;
			buildActionMask = 2147483647;
			files = (
			);
			inputFileListPaths = (
			);
			inputPaths = (
				"${PODS_PODFILE_DIR_PATH}/Podfile.lock",
				"${PODS_ROOT}/Manifest.lock",
			);
			name = "[CP] Check Pods Manifest.lock";
			outputFileListPaths = (
			);
			outputPaths = (
				"$(DERIVED_FILE_DIR)/Pods-ConnusTests-checkManifestLockResult.txt",
			);
			runOnlyForDeploymentPostprocessing = 0;
			shellPath = /bin/sh;
			shellScript = "diff \"${PODS_PODFILE_DIR_PATH}/Podfile.lock\" \"${PODS_ROOT}/Manifest.lock\" > /dev/null\nif [ $? != 0 ] ; then\n    # print error to STDERR\n    echo \"error: The sandbox is not in sync with the Podfile.lock. Run 'pod install' or update your CocoaPods installation.\" >&2\n    exit 1\nfi\n# This output is used by Xcode 'outputs' to avoid re-running this script phase.\necho \"SUCCESS\" > \"${SCRIPT_OUTPUT_FILE_0}\"\n";
			showEnvVarsInLog = 0;
		};
		437990AB2100E0EF9E91674C /* [CP] Check Pods Manifest.lock */ = {
			isa = PBXShellScriptBuildPhase;
			buildActionMask = 2147483647;
			files = (
			);
			inputFileListPaths = (
			);
			inputPaths = (
				"${PODS_PODFILE_DIR_PATH}/Podfile.lock",
				"${PODS_ROOT}/Manifest.lock",
			);
			name = "[CP] Check Pods Manifest.lock";
			outputFileListPaths = (
			);
			outputPaths = (
				"$(DERIVED_FILE_DIR)/Pods-Connus-checkManifestLockResult.txt",
			);
			runOnlyForDeploymentPostprocessing = 0;
			shellPath = /bin/sh;
			shellScript = "diff \"${PODS_PODFILE_DIR_PATH}/Podfile.lock\" \"${PODS_ROOT}/Manifest.lock\" > /dev/null\nif [ $? != 0 ] ; then\n    # print error to STDERR\n    echo \"error: The sandbox is not in sync with the Podfile.lock. Run 'pod install' or update your CocoaPods installation.\" >&2\n    exit 1\nfi\n# This output is used by Xcode 'outputs' to avoid re-running this script phase.\necho \"SUCCESS\" > \"${SCRIPT_OUTPUT_FILE_0}\"\n";
			showEnvVarsInLog = 0;
		};
		739C162FA377F7B2DFB206B3 /* [CP] Check Pods Manifest.lock */ = {
			isa = PBXShellScriptBuildPhase;
			buildActionMask = 2147483647;
			files = (
			);
			inputFileListPaths = (
			);
			inputPaths = (
				"${PODS_PODFILE_DIR_PATH}/Podfile.lock",
				"${PODS_ROOT}/Manifest.lock",
			);
			name = "[CP] Check Pods Manifest.lock";
			outputFileListPaths = (
			);
			outputPaths = (
				"$(DERIVED_FILE_DIR)/Pods-ConnusUITests-checkManifestLockResult.txt",
			);
			runOnlyForDeploymentPostprocessing = 0;
			shellPath = /bin/sh;
			shellScript = "diff \"${PODS_PODFILE_DIR_PATH}/Podfile.lock\" \"${PODS_ROOT}/Manifest.lock\" > /dev/null\nif [ $? != 0 ] ; then\n    # print error to STDERR\n    echo \"error: The sandbox is not in sync with the Podfile.lock. Run 'pod install' or update your CocoaPods installation.\" >&2\n    exit 1\nfi\n# This output is used by Xcode 'outputs' to avoid re-running this script phase.\necho \"SUCCESS\" > \"${SCRIPT_OUTPUT_FILE_0}\"\n";
			showEnvVarsInLog = 0;
		};
		BFF42B51C1983367D1C4D618 /* [CP] Embed Pods Frameworks */ = {
			isa = PBXShellScriptBuildPhase;
			buildActionMask = 2147483647;
			files = (
			);
			inputFileListPaths = (
			);
			inputPaths = (
				"${SRCROOT}/Pods/Target Support Files/Pods-Connus/Pods-Connus-frameworks.sh",
				"${BUILT_PRODUCTS_DIR}/BoringSSL/openssl.framework",
				"${BUILT_PRODUCTS_DIR}/GTMSessionFetcher/GTMSessionFetcher.framework",
				"${BUILT_PRODUCTS_DIR}/GoogleUtilities/GoogleUtilities.framework",
				"${BUILT_PRODUCTS_DIR}/Koloda/Koloda.framework",
				"${BUILT_PRODUCTS_DIR}/Protobuf/Protobuf.framework",
				"${BUILT_PRODUCTS_DIR}/SDWebImage/SDWebImage.framework",
				"${BUILT_PRODUCTS_DIR}/gRPC-C++/grpcpp.framework",
				"${BUILT_PRODUCTS_DIR}/gRPC-Core/grpc.framework",
				"${BUILT_PRODUCTS_DIR}/leveldb-library/leveldb.framework",
				"${BUILT_PRODUCTS_DIR}/nanopb/nanopb.framework",
				"${BUILT_PRODUCTS_DIR}/pop/pop.framework",
			);
			name = "[CP] Embed Pods Frameworks";
			outputFileListPaths = (
			);
			outputPaths = (
				"${TARGET_BUILD_DIR}/${FRAMEWORKS_FOLDER_PATH}/openssl.framework",
				"${TARGET_BUILD_DIR}/${FRAMEWORKS_FOLDER_PATH}/GTMSessionFetcher.framework",
				"${TARGET_BUILD_DIR}/${FRAMEWORKS_FOLDER_PATH}/GoogleUtilities.framework",
				"${TARGET_BUILD_DIR}/${FRAMEWORKS_FOLDER_PATH}/Koloda.framework",
				"${TARGET_BUILD_DIR}/${FRAMEWORKS_FOLDER_PATH}/Protobuf.framework",
				"${TARGET_BUILD_DIR}/${FRAMEWORKS_FOLDER_PATH}/SDWebImage.framework",
				"${TARGET_BUILD_DIR}/${FRAMEWORKS_FOLDER_PATH}/grpcpp.framework",
				"${TARGET_BUILD_DIR}/${FRAMEWORKS_FOLDER_PATH}/grpc.framework",
				"${TARGET_BUILD_DIR}/${FRAMEWORKS_FOLDER_PATH}/leveldb.framework",
				"${TARGET_BUILD_DIR}/${FRAMEWORKS_FOLDER_PATH}/nanopb.framework",
				"${TARGET_BUILD_DIR}/${FRAMEWORKS_FOLDER_PATH}/pop.framework",
			);
			runOnlyForDeploymentPostprocessing = 0;
			shellPath = /bin/sh;
			shellScript = "\"${SRCROOT}/Pods/Target Support Files/Pods-Connus/Pods-Connus-frameworks.sh\"\n";
			showEnvVarsInLog = 0;
		};
		F069EAFD7949DB8F0323A0CC /* [CP] Copy Pods Resources */ = {
			isa = PBXShellScriptBuildPhase;
			buildActionMask = 2147483647;
			files = (
			);
			inputFileListPaths = (
			);
			inputPaths = (
				"${SRCROOT}/Pods/Target Support Files/Pods-Connus/Pods-Connus-resources.sh",
				"${PODS_CONFIGURATION_BUILD_DIR}/FirebaseFirestore/gRPCCertificates-Firestore.bundle",
				"${PODS_CONFIGURATION_BUILD_DIR}/FirebaseUI/FirebaseAuthUI.bundle",
			);
			name = "[CP] Copy Pods Resources";
			outputFileListPaths = (
			);
			outputPaths = (
				"${TARGET_BUILD_DIR}/${UNLOCALIZED_RESOURCES_FOLDER_PATH}/gRPCCertificates-Firestore.bundle",
				"${TARGET_BUILD_DIR}/${UNLOCALIZED_RESOURCES_FOLDER_PATH}/FirebaseAuthUI.bundle",
			);
			runOnlyForDeploymentPostprocessing = 0;
			shellPath = /bin/sh;
			shellScript = "\"${SRCROOT}/Pods/Target Support Files/Pods-Connus/Pods-Connus-resources.sh\"\n";
			showEnvVarsInLog = 0;
		};
/* End PBXShellScriptBuildPhase section */

/* Begin PBXSourcesBuildPhase section */
		73F46784227381010017B7E9 /* Sources */ = {
			isa = PBXSourcesBuildPhase;
			buildActionMask = 2147483647;
			files = (
				73974C7E22EF6E0B0035FDCB /* CreateAccountViewController.swift in Sources */,
				7384A75C227A310C0020CAF6 /* RadioButton.swift in Sources */,
				73C1A9C722EF281A00972785 /* RegisterBrandViewController.swift in Sources */,
				73AEE50322E861BE008CA7EF /* Constants.swift in Sources */,
				73F467C42273890D0017B7E9 /* EntryViewController.swift in Sources */,
				736DF4C323049109001E66B7 /* FirstRegisterInfluencerViewController.swift in Sources */,
				7369CE3822FF193E00AB379E /* ProfileNameAndImageView.swift in Sources */,
				7384A758227A297D0020CAF6 /* SecondRegisterInfluencerViewController.swift in Sources */,
				73F467D22276186F0017B7E9 /* Checkbox.swift in Sources */,
				73F467C72275A6060017B7E9 /* RegisterInfluencerViewController.swift in Sources */,
				73F4678C227381010017B7E9 /* AppDelegate.swift in Sources */,
				73974CC322EF7EAC0035FDCB /* RegisterInfViewController.swift in Sources */,
				73EC813322EB43530023D174 /* CompanyCardView.swift in Sources */,
				736DF4C52305523E001E66B7 /* ComingSoonViewController.swift in Sources */,
				7369CE3C22FF196100AB379E /* ThirdSectionView.swift in Sources */,
				73CEACC422DDF9F3004A891A /* ProfileInfluencerViewController.swift in Sources */,
				739C12B522FD9A29003E8FE4 /* FirstSectionView.swift in Sources */,
				73974C7C22EF66F70035FDCB /* LogInViewController.swift in Sources */,
				73F4678E227381010017B7E9 /* SwipeViewController.swift in Sources */,
				7387E30822F03E2300C2D3B1 /* PasswordForgottenViewController.swift in Sources */,
				731B473F22EB97B70067C39C /* LikeOverlayView.swift in Sources */,
				7369CE3A22FF195400AB379E /* SecondSectionView.swift in Sources */,
				7384A7562279E5E20020CAF6 /* Extensions.swift in Sources */,
				73974C8222EF70CB0035FDCB /* ChoiceViewController.swift in Sources */,
				7365454522F755F1008A9BC6 /* WelcomeViewController.swift in Sources */,
			);
			runOnlyForDeploymentPostprocessing = 0;
		};
		73F4679A227381030017B7E9 /* Sources */ = {
			isa = PBXSourcesBuildPhase;
			buildActionMask = 2147483647;
			files = (
				73974C8322EF70CB0035FDCB /* ChoiceViewController.swift in Sources */,
				73F467A3227381030017B7E9 /* ConnusTests.swift in Sources */,
				73CEACC522DDF9F3004A891A /* ProfileInfluencerViewController.swift in Sources */,
				73F467C82275A6060017B7E9 /* RegisterInfluencerViewController.swift in Sources */,
				7384A75D227A310C0020CAF6 /* RadioButton.swift in Sources */,
				73974CC422EF7EAC0035FDCB /* RegisterInfViewController.swift in Sources */,
				73974C7F22EF6E0B0035FDCB /* CreateAccountViewController.swift in Sources */,
				7384A759227A297D0020CAF6 /* SecondRegisterInfluencerViewController.swift in Sources */,
				73C1A9CE22EF380200972785 /* SwipeViewController.swift in Sources */,
				73F467D32276186F0017B7E9 /* Checkbox.swift in Sources */,
			);
			runOnlyForDeploymentPostprocessing = 0;
		};
		73F467A5227381030017B7E9 /* Sources */ = {
			isa = PBXSourcesBuildPhase;
			buildActionMask = 2147483647;
			files = (
				73974C8422EF70CB0035FDCB /* ChoiceViewController.swift in Sources */,
				73F467AE227381030017B7E9 /* ConnusUITests.swift in Sources */,
				73CEACC622DDF9F3004A891A /* ProfileInfluencerViewController.swift in Sources */,
				73F467C92275A6060017B7E9 /* RegisterInfluencerViewController.swift in Sources */,
				7384A75E227A310C0020CAF6 /* RadioButton.swift in Sources */,
				73974CC522EF7EAC0035FDCB /* RegisterInfViewController.swift in Sources */,
				73974C8022EF6E0B0035FDCB /* CreateAccountViewController.swift in Sources */,
				7384A75A227A297D0020CAF6 /* SecondRegisterInfluencerViewController.swift in Sources */,
				73C1A9CD22EF380200972785 /* SwipeViewController.swift in Sources */,
				73F467D42276186F0017B7E9 /* Checkbox.swift in Sources */,
			);
			runOnlyForDeploymentPostprocessing = 0;
		};
/* End PBXSourcesBuildPhase section */

/* Begin PBXTargetDependency section */
		73F467A0227381030017B7E9 /* PBXTargetDependency */ = {
			isa = PBXTargetDependency;
			target = 73F46787227381010017B7E9 /* Connus */;
			targetProxy = 73F4679F227381030017B7E9 /* PBXContainerItemProxy */;
		};
		73F467AB227381030017B7E9 /* PBXTargetDependency */ = {
			isa = PBXTargetDependency;
			target = 73F46787227381010017B7E9 /* Connus */;
			targetProxy = 73F467AA227381030017B7E9 /* PBXContainerItemProxy */;
		};
/* End PBXTargetDependency section */

/* Begin PBXVariantGroup section */
		73F46791227381010017B7E9 /* Main.storyboard */ = {
			isa = PBXVariantGroup;
			children = (
				73F46792227381010017B7E9 /* Base */,
			);
			name = Main.storyboard;
			sourceTree = "<group>";
		};
		73F46796227381030017B7E9 /* LaunchScreen.storyboard */ = {
			isa = PBXVariantGroup;
			children = (
				73F46797227381030017B7E9 /* Base */,
			);
			name = LaunchScreen.storyboard;
			sourceTree = "<group>";
		};
/* End PBXVariantGroup section */

/* Begin XCBuildConfiguration section */
		73F467B0227381030017B7E9 /* Debug */ = {
			isa = XCBuildConfiguration;
			buildSettings = {
				ALWAYS_SEARCH_USER_PATHS = NO;
				CLANG_ANALYZER_NONNULL = YES;
				CLANG_ANALYZER_NUMBER_OBJECT_CONVERSION = YES_AGGRESSIVE;
				CLANG_CXX_LANGUAGE_STANDARD = "gnu++14";
				CLANG_CXX_LIBRARY = "libc++";
				CLANG_ENABLE_MODULES = YES;
				CLANG_ENABLE_OBJC_ARC = YES;
				CLANG_ENABLE_OBJC_WEAK = YES;
				CLANG_WARN_BLOCK_CAPTURE_AUTORELEASING = YES;
				CLANG_WARN_BOOL_CONVERSION = YES;
				CLANG_WARN_COMMA = YES;
				CLANG_WARN_CONSTANT_CONVERSION = YES;
				CLANG_WARN_DEPRECATED_OBJC_IMPLEMENTATIONS = YES;
				CLANG_WARN_DIRECT_OBJC_ISA_USAGE = YES_ERROR;
				CLANG_WARN_DOCUMENTATION_COMMENTS = YES;
				CLANG_WARN_EMPTY_BODY = YES;
				CLANG_WARN_ENUM_CONVERSION = YES;
				CLANG_WARN_INFINITE_RECURSION = YES;
				CLANG_WARN_INT_CONVERSION = YES;
				CLANG_WARN_NON_LITERAL_NULL_CONVERSION = YES;
				CLANG_WARN_OBJC_IMPLICIT_RETAIN_SELF = YES;
				CLANG_WARN_OBJC_LITERAL_CONVERSION = YES;
				CLANG_WARN_OBJC_ROOT_CLASS = YES_ERROR;
				CLANG_WARN_RANGE_LOOP_ANALYSIS = YES;
				CLANG_WARN_STRICT_PROTOTYPES = YES;
				CLANG_WARN_SUSPICIOUS_MOVE = YES;
				CLANG_WARN_UNGUARDED_AVAILABILITY = YES_AGGRESSIVE;
				CLANG_WARN_UNREACHABLE_CODE = YES;
				CLANG_WARN__DUPLICATE_METHOD_MATCH = YES;
				CODE_SIGN_IDENTITY = "iPhone Developer";
				COPY_PHASE_STRIP = NO;
				DEBUG_INFORMATION_FORMAT = dwarf;
				ENABLE_STRICT_OBJC_MSGSEND = YES;
				ENABLE_TESTABILITY = YES;
				GCC_C_LANGUAGE_STANDARD = gnu11;
				GCC_DYNAMIC_NO_PIC = NO;
				GCC_NO_COMMON_BLOCKS = YES;
				GCC_OPTIMIZATION_LEVEL = 0;
				GCC_PREPROCESSOR_DEFINITIONS = (
					"DEBUG=1",
					"$(inherited)",
				);
				GCC_WARN_64_TO_32_BIT_CONVERSION = YES;
				GCC_WARN_ABOUT_RETURN_TYPE = YES_ERROR;
				GCC_WARN_UNDECLARED_SELECTOR = YES;
				GCC_WARN_UNINITIALIZED_AUTOS = YES_AGGRESSIVE;
				GCC_WARN_UNUSED_FUNCTION = YES;
				GCC_WARN_UNUSED_VARIABLE = YES;
				IPHONEOS_DEPLOYMENT_TARGET = 12.2;
				MTL_ENABLE_DEBUG_INFO = INCLUDE_SOURCE;
				MTL_FAST_MATH = YES;
				ONLY_ACTIVE_ARCH = YES;
				SDKROOT = iphoneos;
				SWIFT_ACTIVE_COMPILATION_CONDITIONS = DEBUG;
				SWIFT_OPTIMIZATION_LEVEL = "-Onone";
			};
			name = Debug;
		};
		73F467B1227381030017B7E9 /* Release */ = {
			isa = XCBuildConfiguration;
			buildSettings = {
				ALWAYS_SEARCH_USER_PATHS = NO;
				CLANG_ANALYZER_NONNULL = YES;
				CLANG_ANALYZER_NUMBER_OBJECT_CONVERSION = YES_AGGRESSIVE;
				CLANG_CXX_LANGUAGE_STANDARD = "gnu++14";
				CLANG_CXX_LIBRARY = "libc++";
				CLANG_ENABLE_MODULES = YES;
				CLANG_ENABLE_OBJC_ARC = YES;
				CLANG_ENABLE_OBJC_WEAK = YES;
				CLANG_WARN_BLOCK_CAPTURE_AUTORELEASING = YES;
				CLANG_WARN_BOOL_CONVERSION = YES;
				CLANG_WARN_COMMA = YES;
				CLANG_WARN_CONSTANT_CONVERSION = YES;
				CLANG_WARN_DEPRECATED_OBJC_IMPLEMENTATIONS = YES;
				CLANG_WARN_DIRECT_OBJC_ISA_USAGE = YES_ERROR;
				CLANG_WARN_DOCUMENTATION_COMMENTS = YES;
				CLANG_WARN_EMPTY_BODY = YES;
				CLANG_WARN_ENUM_CONVERSION = YES;
				CLANG_WARN_INFINITE_RECURSION = YES;
				CLANG_WARN_INT_CONVERSION = YES;
				CLANG_WARN_NON_LITERAL_NULL_CONVERSION = YES;
				CLANG_WARN_OBJC_IMPLICIT_RETAIN_SELF = YES;
				CLANG_WARN_OBJC_LITERAL_CONVERSION = YES;
				CLANG_WARN_OBJC_ROOT_CLASS = YES_ERROR;
				CLANG_WARN_RANGE_LOOP_ANALYSIS = YES;
				CLANG_WARN_STRICT_PROTOTYPES = YES;
				CLANG_WARN_SUSPICIOUS_MOVE = YES;
				CLANG_WARN_UNGUARDED_AVAILABILITY = YES_AGGRESSIVE;
				CLANG_WARN_UNREACHABLE_CODE = YES;
				CLANG_WARN__DUPLICATE_METHOD_MATCH = YES;
				CODE_SIGN_IDENTITY = "iPhone Developer";
				COPY_PHASE_STRIP = NO;
				DEBUG_INFORMATION_FORMAT = "dwarf-with-dsym";
				ENABLE_NS_ASSERTIONS = NO;
				ENABLE_STRICT_OBJC_MSGSEND = YES;
				GCC_C_LANGUAGE_STANDARD = gnu11;
				GCC_NO_COMMON_BLOCKS = YES;
				GCC_WARN_64_TO_32_BIT_CONVERSION = YES;
				GCC_WARN_ABOUT_RETURN_TYPE = YES_ERROR;
				GCC_WARN_UNDECLARED_SELECTOR = YES;
				GCC_WARN_UNINITIALIZED_AUTOS = YES_AGGRESSIVE;
				GCC_WARN_UNUSED_FUNCTION = YES;
				GCC_WARN_UNUSED_VARIABLE = YES;
				IPHONEOS_DEPLOYMENT_TARGET = 12.2;
				MTL_ENABLE_DEBUG_INFO = NO;
				MTL_FAST_MATH = YES;
				SDKROOT = iphoneos;
				SWIFT_COMPILATION_MODE = wholemodule;
				SWIFT_OPTIMIZATION_LEVEL = "-O";
				VALIDATE_PRODUCT = YES;
			};
			name = Release;
		};
		73F467B3227381030017B7E9 /* Debug */ = {
			isa = XCBuildConfiguration;
			baseConfigurationReference = 90215848B52A9007A4C5840A /* Pods-Connus.debug.xcconfig */;
			buildSettings = {
				ASSETCATALOG_COMPILER_APPICON_NAME = AppIcon;
				CODE_SIGN_STYLE = Automatic;
				DEVELOPMENT_TEAM = 5S7HKF5B28;
				INFOPLIST_FILE = Connus/Info.plist;
				LD_RUNPATH_SEARCH_PATHS = (
					"$(inherited)",
					"@executable_path/Frameworks",
				);
				PRODUCT_BUNDLE_IDENTIFIER = BR.Connus;
				PRODUCT_NAME = "$(TARGET_NAME)";
				SWIFT_VERSION = 5.0;
				TARGETED_DEVICE_FAMILY = "1,2";
			};
			name = Debug;
		};
		73F467B4227381030017B7E9 /* Release */ = {
			isa = XCBuildConfiguration;
			baseConfigurationReference = 34DAB7EC6BD08FC200682033 /* Pods-Connus.release.xcconfig */;
			buildSettings = {
				ASSETCATALOG_COMPILER_APPICON_NAME = AppIcon;
				CODE_SIGN_STYLE = Automatic;
				DEVELOPMENT_TEAM = 5S7HKF5B28;
				INFOPLIST_FILE = Connus/Info.plist;
				LD_RUNPATH_SEARCH_PATHS = (
					"$(inherited)",
					"@executable_path/Frameworks",
				);
				PRODUCT_BUNDLE_IDENTIFIER = BR.Connus;
				PRODUCT_NAME = "$(TARGET_NAME)";
				SWIFT_VERSION = 5.0;
				TARGETED_DEVICE_FAMILY = "1,2";
			};
			name = Release;
		};
		73F467B6227381030017B7E9 /* Debug */ = {
			isa = XCBuildConfiguration;
			baseConfigurationReference = CB809B2A23A8EEE7DA4541E9 /* Pods-ConnusTests.debug.xcconfig */;
			buildSettings = {
				ALWAYS_EMBED_SWIFT_STANDARD_LIBRARIES = YES;
				BUNDLE_LOADER = "$(TEST_HOST)";
				CODE_SIGN_STYLE = Automatic;
				DEVELOPMENT_TEAM = 5S7HKF5B28;
				INFOPLIST_FILE = ConnusTests/Info.plist;
				LD_RUNPATH_SEARCH_PATHS = (
					"$(inherited)",
					"@executable_path/Frameworks",
					"@loader_path/Frameworks",
				);
				PRODUCT_BUNDLE_IDENTIFIER = BR.ConnusTests;
				PRODUCT_NAME = "$(TARGET_NAME)";
				SWIFT_VERSION = 5.0;
				TARGETED_DEVICE_FAMILY = "1,2";
				TEST_HOST = "$(BUILT_PRODUCTS_DIR)/Connus.app/Connus";
			};
			name = Debug;
		};
		73F467B7227381030017B7E9 /* Release */ = {
			isa = XCBuildConfiguration;
			baseConfigurationReference = 6C279B2033A913EEFC5A380C /* Pods-ConnusTests.release.xcconfig */;
			buildSettings = {
				ALWAYS_EMBED_SWIFT_STANDARD_LIBRARIES = YES;
				BUNDLE_LOADER = "$(TEST_HOST)";
				CODE_SIGN_STYLE = Automatic;
				DEVELOPMENT_TEAM = 5S7HKF5B28;
				INFOPLIST_FILE = ConnusTests/Info.plist;
				LD_RUNPATH_SEARCH_PATHS = (
					"$(inherited)",
					"@executable_path/Frameworks",
					"@loader_path/Frameworks",
				);
				PRODUCT_BUNDLE_IDENTIFIER = BR.ConnusTests;
				PRODUCT_NAME = "$(TARGET_NAME)";
				SWIFT_VERSION = 5.0;
				TARGETED_DEVICE_FAMILY = "1,2";
				TEST_HOST = "$(BUILT_PRODUCTS_DIR)/Connus.app/Connus";
			};
			name = Release;
		};
		73F467B9227381030017B7E9 /* Debug */ = {
			isa = XCBuildConfiguration;
			baseConfigurationReference = 260C12B1590F21CE57D0BE3D /* Pods-ConnusUITests.debug.xcconfig */;
			buildSettings = {
				ALWAYS_EMBED_SWIFT_STANDARD_LIBRARIES = YES;
				CODE_SIGN_STYLE = Automatic;
				DEVELOPMENT_TEAM = 5S7HKF5B28;
				INFOPLIST_FILE = ConnusUITests/Info.plist;
				LD_RUNPATH_SEARCH_PATHS = (
					"$(inherited)",
					"@executable_path/Frameworks",
					"@loader_path/Frameworks",
				);
				PRODUCT_BUNDLE_IDENTIFIER = BR.ConnusUITests;
				PRODUCT_NAME = "$(TARGET_NAME)";
				SWIFT_VERSION = 5.0;
				TARGETED_DEVICE_FAMILY = "1,2";
				TEST_TARGET_NAME = Connus;
			};
			name = Debug;
		};
		73F467BA227381030017B7E9 /* Release */ = {
			isa = XCBuildConfiguration;
			baseConfigurationReference = 80C462067D76A2C6BA132C2A /* Pods-ConnusUITests.release.xcconfig */;
			buildSettings = {
				ALWAYS_EMBED_SWIFT_STANDARD_LIBRARIES = YES;
				CODE_SIGN_STYLE = Automatic;
				DEVELOPMENT_TEAM = 5S7HKF5B28;
				INFOPLIST_FILE = ConnusUITests/Info.plist;
				LD_RUNPATH_SEARCH_PATHS = (
					"$(inherited)",
					"@executable_path/Frameworks",
					"@loader_path/Frameworks",
				);
				PRODUCT_BUNDLE_IDENTIFIER = BR.ConnusUITests;
				PRODUCT_NAME = "$(TARGET_NAME)";
				SWIFT_VERSION = 5.0;
				TARGETED_DEVICE_FAMILY = "1,2";
				TEST_TARGET_NAME = Connus;
			};
			name = Release;
		};
/* End XCBuildConfiguration section */

/* Begin XCConfigurationList section */
		73F46783227381010017B7E9 /* Build configuration list for PBXProject "Connus" */ = {
			isa = XCConfigurationList;
			buildConfigurations = (
				73F467B0227381030017B7E9 /* Debug */,
				73F467B1227381030017B7E9 /* Release */,
			);
			defaultConfigurationIsVisible = 0;
			defaultConfigurationName = Release;
		};
		73F467B2227381030017B7E9 /* Build configuration list for PBXNativeTarget "Connus" */ = {
			isa = XCConfigurationList;
			buildConfigurations = (
				73F467B3227381030017B7E9 /* Debug */,
				73F467B4227381030017B7E9 /* Release */,
			);
			defaultConfigurationIsVisible = 0;
			defaultConfigurationName = Release;
		};
		73F467B5227381030017B7E9 /* Build configuration list for PBXNativeTarget "ConnusTests" */ = {
			isa = XCConfigurationList;
			buildConfigurations = (
				73F467B6227381030017B7E9 /* Debug */,
				73F467B7227381030017B7E9 /* Release */,
			);
			defaultConfigurationIsVisible = 0;
			defaultConfigurationName = Release;
		};
		73F467B8227381030017B7E9 /* Build configuration list for PBXNativeTarget "ConnusUITests" */ = {
			isa = XCConfigurationList;
			buildConfigurations = (
				73F467B9227381030017B7E9 /* Debug */,
				73F467BA227381030017B7E9 /* Release */,
			);
			defaultConfigurationIsVisible = 0;
			defaultConfigurationName = Release;
		};
/* End XCConfigurationList section */
	};
	rootObject = 73F46780227381010017B7E9 /* Project object */;
}
